// !$*UTF8*$!
{
	archiveVersion = 1;
	classes = {
	};
	objectVersion = 77;
	objects = {

/* Begin PBXBuildFile section */
		420ACE8E2DA6925900582F06 /* Assets.xcassets in Resources */ = {isa = PBXBuildFile; fileRef = 420ACE8A2DA6925900582F06 /* Assets.xcassets */; };
		420ACE8F2DA6925900582F06 /* ContentView.swift in Sources */ = {isa = PBXBuildFile; fileRef = 420ACE8B2DA6925900582F06 /* ContentView.swift */; };
		420ACE902DA6925900582F06 /* FlightTimeLineApp.swift in Sources */ = {isa = PBXBuildFile; fileRef = 420ACE8C2DA6925900582F06 /* FlightTimeLineApp.swift */; };
		420ACE952DA6930F00582F06 /* FlightHistory.swift in Sources */ = {isa = PBXBuildFile; fileRef = 420ACE942DA6930F00582F06 /* FlightHistory.swift */; };
		420ACE962DA6930F00582F06 /* FlightInformation.swift in Sources */ = {isa = PBXBuildFile; fileRef = 420ACE932DA6930F00582F06 /* FlightInformation.swift */; };
		420ACE9D2DA6B3BB00582F06 /* TimelineTableViewCell.swift in Sources */ = {isa = PBXBuildFile; fileRef = 420ACE9A2DA6B3BB00582F06 /* TimelineTableViewCell.swift */; };
		420ACE9E2DA6B3BB00582F06 /* TimelinePoint.swift in Sources */ = {isa = PBXBuildFile; fileRef = 420ACE982DA6B3BB00582F06 /* TimelinePoint.swift */; };
		420ACE9F2DA6B3BB00582F06 /* Timeline.swift in Sources */ = {isa = PBXBuildFile; fileRef = 420ACE972DA6B3BB00582F06 /* Timeline.swift */; };
		420ACEA02DA6B3BB00582F06 /* TimelineTableViewCell.xib in Resources */ = {isa = PBXBuildFile; fileRef = 420ACE9B2DA6B3BB00582F06 /* TimelineTableViewCell.xib */; };
		420ACEA22DA6B40600582F06 /* TimelineView.swift in Sources */ = {isa = PBXBuildFile; fileRef = 420ACEA12DA6B40600582F06 /* TimelineView.swift */; };
		42D8E3202DA9691F004D17D0 /* HomeScreenView.swift in Sources */ = {isa = PBXBuildFile; fileRef = 42D8E31F2DA9691F004D17D0 /* HomeScreenView.swift */; };
		42D8E3222DA96B1E004D17D0 /* UserProfileView.swift in Sources */ = {isa = PBXBuildFile; fileRef = 42D8E3212DA96B1E004D17D0 /* UserProfileView.swift */; };
		42D8E3242DA9727F004D17D0 /* FlightBoardView.swift in Sources */ = {isa = PBXBuildFile; fileRef = 42D8E3232DA9727F004D17D0 /* FlightBoardView.swift */; };
		42D8E3262DAE8E28004D17D0 /* FlightRowView.swift in Sources */ = {isa = PBXBuildFile; fileRef = 42D8E3252DAE8E28004D17D0 /* FlightRowView.swift */; };
/* End PBXBuildFile section */

/* Begin PBXFileReference section */
		420ACE7C2DA6923700582F06 /* FlightTimeLine.app */ = {isa = PBXFileReference; explicitFileType = wrapper.application; includeInIndex = 0; path = FlightTimeLine.app; sourceTree = BUILT_PRODUCTS_DIR; };
		420ACE8A2DA6925900582F06 /* Assets.xcassets */ = {isa = PBXFileReference; lastKnownFileType = folder.assetcatalog; path = Assets.xcassets; sourceTree = "<group>"; };
		420ACE8B2DA6925900582F06 /* ContentView.swift */ = {isa = PBXFileReference; lastKnownFileType = sourcecode.swift; path = ContentView.swift; sourceTree = "<group>"; };
		420ACE8C2DA6925900582F06 /* FlightTimeLineApp.swift */ = {isa = PBXFileReference; lastKnownFileType = sourcecode.swift; path = FlightTimeLineApp.swift; sourceTree = "<group>"; };
		420ACE932DA6930F00582F06 /* FlightInformation.swift */ = {isa = PBXFileReference; lastKnownFileType = sourcecode.swift; path = FlightInformation.swift; sourceTree = "<group>"; };
		420ACE942DA6930F00582F06 /* FlightHistory.swift */ = {isa = PBXFileReference; lastKnownFileType = sourcecode.swift; path = FlightHistory.swift; sourceTree = "<group>"; };
		420ACE972DA6B3BB00582F06 /* Timeline.swift */ = {isa = PBXFileReference; lastKnownFileType = sourcecode.swift; path = Timeline.swift; sourceTree = "<group>"; };
		420ACE982DA6B3BB00582F06 /* TimelinePoint.swift */ = {isa = PBXFileReference; lastKnownFileType = sourcecode.swift; path = TimelinePoint.swift; sourceTree = "<group>"; };
		420ACE992DA6B3BB00582F06 /* TimelineTableViewCell.h */ = {isa = PBXFileReference; lastKnownFileType = sourcecode.c.h; path = TimelineTableViewCell.h; sourceTree = "<group>"; };
		420ACE9A2DA6B3BB00582F06 /* TimelineTableViewCell.swift */ = {isa = PBXFileReference; lastKnownFileType = sourcecode.swift; path = TimelineTableViewCell.swift; sourceTree = "<group>"; };
		420ACE9B2DA6B3BB00582F06 /* TimelineTableViewCell.xib */ = {isa = PBXFileReference; lastKnownFileType = file.xib; path = TimelineTableViewCell.xib; sourceTree = "<group>"; };
		420ACEA12DA6B40600582F06 /* TimelineView.swift */ = {isa = PBXFileReference; lastKnownFileType = sourcecode.swift; path = TimelineView.swift; sourceTree = "<group>"; };
		42D8E31F2DA9691F004D17D0 /* HomeScreenView.swift */ = {isa = PBXFileReference; lastKnownFileType = sourcecode.swift; path = HomeScreenView.swift; sourceTree = "<group>"; };
		42D8E3212DA96B1E004D17D0 /* UserProfileView.swift */ = {isa = PBXFileReference; lastKnownFileType = sourcecode.swift; path = UserProfileView.swift; sourceTree = "<group>"; };
		42D8E3232DA9727F004D17D0 /* FlightBoardView.swift */ = {isa = PBXFileReference; lastKnownFileType = sourcecode.swift; path = FlightBoardView.swift; sourceTree = "<group>"; };
		42D8E3252DAE8E28004D17D0 /* FlightRowView.swift */ = {isa = PBXFileReference; lastKnownFileType = sourcecode.swift; path = FlightRowView.swift; sourceTree = "<group>"; };
/* End PBXFileReference section */

/* Begin PBXFrameworksBuildPhase section */
		420ACE792DA6923700582F06 /* Frameworks */ = {
			isa = PBXFrameworksBuildPhase;
			buildActionMask = 2147483647;
			files = (
			);
			runOnlyForDeploymentPostprocessing = 0;
		};
/* End PBXFrameworksBuildPhase section */

/* Begin PBXGroup section */
		420ACE732DA6923700582F06 = {
			isa = PBXGroup;
			children = (
				420ACE8D2DA6925900582F06 /* FlightTimeLine */,
				420ACE7D2DA6923700582F06 /* Products */,
			);
			sourceTree = "<group>";
		};
		420ACE7D2DA6923700582F06 /* Products */ = {
			isa = PBXGroup;
			children = (
				420ACE7C2DA6923700582F06 /* FlightTimeLine.app */,
			);
			name = Products;
			sourceTree = "<group>";
		};
		420ACE8D2DA6925900582F06 /* FlightTimeLine */ = {
			isa = PBXGroup;
			children = (
				420ACE912DA692C000582F06 /* Models */,
				420ACE8C2DA6925900582F06 /* FlightTimeLineApp.swift */,
				420ACE8B2DA6925900582F06 /* ContentView.swift */,
				42D8E3232DA9727F004D17D0 /* FlightBoardView.swift */,
				42D8E31F2DA9691F004D17D0 /* HomeScreenView.swift */,
				42D8E3212DA96B1E004D17D0 /* UserProfileView.swift */,
				420ACEA12DA6B40600582F06 /* TimelineView.swift */,
				42D8E3252DAE8E28004D17D0 /* FlightRowView.swift */,
				420ACE8A2DA6925900582F06 /* Assets.xcassets */,
				420ACE9C2DA6B3BB00582F06 /* TimelineTableViewCell */,
			);
			path = FlightTimeLine;
			sourceTree = "<group>";
		};
		420ACE912DA692C000582F06 /* Models */ = {
			isa = PBXGroup;
			children = (
				420ACE932DA6930F00582F06 /* FlightInformation.swift */,
				420ACE942DA6930F00582F06 /* FlightHistory.swift */,
			);
			path = Models;
			sourceTree = "<group>";
		};
		420ACE9C2DA6B3BB00582F06 /* TimelineTableViewCell */ = {
			isa = PBXGroup;
			children = (
				420ACE972DA6B3BB00582F06 /* Timeline.swift */,
				420ACE982DA6B3BB00582F06 /* TimelinePoint.swift */,
				420ACE992DA6B3BB00582F06 /* TimelineTableViewCell.h */,
				420ACE9A2DA6B3BB00582F06 /* TimelineTableViewCell.swift */,
				420ACE9B2DA6B3BB00582F06 /* TimelineTableViewCell.xib */,
			);
			path = TimelineTableViewCell;
			sourceTree = "<group>";
		};
/* End PBXGroup section */

/* Begin PBXNativeTarget section */
		420ACE7B2DA6923700582F06 /* FlightTimeLine */ = {
			isa = PBXNativeTarget;
			buildConfigurationList = 420ACE872DA6923800582F06 /* Build configuration list for PBXNativeTarget "FlightTimeLine" */;
			buildPhases = (
				420ACE782DA6923700582F06 /* Sources */,
				420ACE792DA6923700582F06 /* Frameworks */,
				420ACE7A2DA6923700582F06 /* Resources */,
			);
			buildRules = (
			);
			dependencies = (
			);
			name = FlightTimeLine;
			packageProductDependencies = (
			);
			productName = FlightTimeLine;
			productReference = 420ACE7C2DA6923700582F06 /* FlightTimeLine.app */;
			productType = "com.apple.product-type.application";
		};
/* End PBXNativeTarget section */

/* Begin PBXProject section */
		420ACE742DA6923700582F06 /* Project object */ = {
			isa = PBXProject;
			attributes = {
				BuildIndependentTargetsInParallel = 1;
				LastSwiftUpdateCheck = 1630;
				LastUpgradeCheck = 1630;
				TargetAttributes = {
					420ACE7B2DA6923700582F06 = {
						CreatedOnToolsVersion = 16.3;
					};
				};
			};
			buildConfigurationList = 420ACE772DA6923700582F06 /* Build configuration list for PBXProject "FlightTimeLine" */;
			developmentRegion = en;
			hasScannedForEncodings = 0;
			knownRegions = (
				en,
				Base,
			);
			mainGroup = 420ACE732DA6923700582F06;
			minimizedProjectReferenceProxies = 1;
			preferredProjectObjectVersion = 77;
			productRefGroup = 420ACE7D2DA6923700582F06 /* Products */;
			projectDirPath = "";
			projectRoot = "";
			targets = (
				420ACE7B2DA6923700582F06 /* FlightTimeLine */,
			);
		};
/* End PBXProject section */

/* Begin PBXResourcesBuildPhase section */
		420ACE7A2DA6923700582F06 /* Resources */ = {
			isa = PBXResourcesBuildPhase;
			buildActionMask = 2147483647;
			files = (
				420ACEA02DA6B3BB00582F06 /* TimelineTableViewCell.xib in Resources */,
				420ACE8E2DA6925900582F06 /* Assets.xcassets in Resources */,
			);
			runOnlyForDeploymentPostprocessing = 0;
		};
/* End PBXResourcesBuildPhase section */

/* Begin PBXSourcesBuildPhase section */
		420ACE782DA6923700582F06 /* Sources */ = {
			isa = PBXSourcesBuildPhase;
			buildActionMask = 2147483647;
			files = (
				420ACE9D2DA6B3BB00582F06 /* TimelineTableViewCell.swift in Sources */,
				420ACE9E2DA6B3BB00582F06 /* TimelinePoint.swift in Sources */,
				420ACE9F2DA6B3BB00582F06 /* Timeline.swift in Sources */,
				42D8E3242DA9727F004D17D0 /* FlightBoardView.swift in Sources */,
				42D8E3202DA9691F004D17D0 /* HomeScreenView.swift in Sources */,
				420ACE8F2DA6925900582F06 /* ContentView.swift in Sources */,
				42D8E3222DA96B1E004D17D0 /* UserProfileView.swift in Sources */,
				420ACE952DA6930F00582F06 /* FlightHistory.swift in Sources */,
				420ACE962DA6930F00582F06 /* FlightInformation.swift in Sources */,
				420ACE902DA6925900582F06 /* FlightTimeLineApp.swift in Sources */,
				420ACEA22DA6B40600582F06 /* TimelineView.swift in Sources */,
				42D8E3262DAE8E28004D17D0 /* FlightRowView.swift in Sources */,
			);
			runOnlyForDeploymentPostprocessing = 0;
		};
/* End PBXSourcesBuildPhase section */

/* Begin XCBuildConfiguration section */
		420ACE852DA6923800582F06 /* Debug */ = {
			isa = XCBuildConfiguration;
			buildSettings = {
				ALWAYS_SEARCH_USER_PATHS = NO;
				ASSETCATALOG_COMPILER_GENERATE_SWIFT_ASSET_SYMBOL_EXTENSIONS = YES;
				CLANG_ANALYZER_NONNULL = YES;
				CLANG_ANALYZER_NUMBER_OBJECT_CONVERSION = YES_AGGRESSIVE;
				CLANG_CXX_LANGUAGE_STANDARD = "gnu++20";
				CLANG_ENABLE_MODULES = YES;
				CLANG_ENABLE_OBJC_ARC = YES;
				CLANG_ENABLE_OBJC_WEAK = YES;
				CLANG_WARN_BLOCK_CAPTURE_AUTORELEASING = YES;
				CLANG_WARN_BOOL_CONVERSION = YES;
				CLANG_WARN_COMMA = YES;
				CLANG_WARN_CONSTANT_CONVERSION = YES;
				CLANG_WARN_DEPRECATED_OBJC_IMPLEMENTATIONS = YES;
				CLANG_WARN_DIRECT_OBJC_ISA_USAGE = YES_ERROR;
				CLANG_WARN_DOCUMENTATION_COMMENTS = YES;
				CLANG_WARN_EMPTY_BODY = YES;
				CLANG_WARN_ENUM_CONVERSION = YES;
				CLANG_WARN_INFINITE_RECURSION = YES;
				CLANG_WARN_INT_CONVERSION = YES;
				CLANG_WARN_NON_LITERAL_NULL_CONVERSION = YES;
				CLANG_WARN_OBJC_IMPLICIT_RETAIN_SELF = YES;
				CLANG_WARN_OBJC_LITERAL_CONVERSION = YES;
				CLANG_WARN_OBJC_ROOT_CLASS = YES_ERROR;
				CLANG_WARN_QUOTED_INCLUDE_IN_FRAMEWORK_HEADER = YES;
				CLANG_WARN_RANGE_LOOP_ANALYSIS = YES;
				CLANG_WARN_STRICT_PROTOTYPES = YES;
				CLANG_WARN_SUSPICIOUS_MOVE = YES;
				CLANG_WARN_UNGUARDED_AVAILABILITY = YES_AGGRESSIVE;
				CLANG_WARN_UNREACHABLE_CODE = YES;
				CLANG_WARN__DUPLICATE_METHOD_MATCH = YES;
				COPY_PHASE_STRIP = NO;
				DEBUG_INFORMATION_FORMAT = dwarf;
				DEVELOPMENT_TEAM = Q4C935HFS8;
				ENABLE_STRICT_OBJC_MSGSEND = YES;
				ENABLE_TESTABILITY = YES;
				ENABLE_USER_SCRIPT_SANDBOXING = YES;
				GCC_C_LANGUAGE_STANDARD = gnu17;
				GCC_DYNAMIC_NO_PIC = NO;
				GCC_NO_COMMON_BLOCKS = YES;
				GCC_OPTIMIZATION_LEVEL = 0;
				GCC_PREPROCESSOR_DEFINITIONS = (
					"DEBUG=1",
					"$(inherited)",
				);
				GCC_WARN_64_TO_32_BIT_CONVERSION = YES;
				GCC_WARN_ABOUT_RETURN_TYPE = YES_ERROR;
				GCC_WARN_UNDECLARED_SELECTOR = YES;
				GCC_WARN_UNINITIALIZED_AUTOS = YES_AGGRESSIVE;
				GCC_WARN_UNUSED_FUNCTION = YES;
				GCC_WARN_UNUSED_VARIABLE = YES;
				IPHONEOS_DEPLOYMENT_TARGET = 18.4;
				LOCALIZATION_PREFERS_STRING_CATALOGS = YES;
				MTL_ENABLE_DEBUG_INFO = INCLUDE_SOURCE;
				MTL_FAST_MATH = YES;
				ONLY_ACTIVE_ARCH = YES;
				SDKROOT = iphoneos;
				SWIFT_ACTIVE_COMPILATION_CONDITIONS = "DEBUG $(inherited)";
				SWIFT_OPTIMIZATION_LEVEL = "-Onone";
			};
			name = Debug;
		};
		420ACE862DA6923800582F06 /* Release */ = {
			isa = XCBuildConfiguration;
			buildSettings = {
				ALWAYS_SEARCH_USER_PATHS = NO;
				ASSETCATALOG_COMPILER_GENERATE_SWIFT_ASSET_SYMBOL_EXTENSIONS = YES;
				CLANG_ANALYZER_NONNULL = YES;
				CLANG_ANALYZER_NUMBER_OBJECT_CONVERSION = YES_AGGRESSIVE;
				CLANG_CXX_LANGUAGE_STANDARD = "gnu++20";
				CLANG_ENABLE_MODULES = YES;
				CLANG_ENABLE_OBJC_ARC = YES;
				CLANG_ENABLE_OBJC_WEAK = YES;
				CLANG_WARN_BLOCK_CAPTURE_AUTORELEASING = YES;
				CLANG_WARN_BOOL_CONVERSION = YES;
				CLANG_WARN_COMMA = YES;
				CLANG_WARN_CONSTANT_CONVERSION = YES;
				CLANG_WARN_DEPRECATED_OBJC_IMPLEMENTATIONS = YES;
				CLANG_WARN_DIRECT_OBJC_ISA_USAGE = YES_ERROR;
				CLANG_WARN_DOCUMENTATION_COMMENTS = YES;
				CLANG_WARN_EMPTY_BODY = YES;
				CLANG_WARN_ENUM_CONVERSION = YES;
				CLANG_WARN_INFINITE_RECURSION = YES;
				CLANG_WARN_INT_CONVERSION = YES;
				CLANG_WARN_NON_LITERAL_NULL_CONVERSION = YES;
				CLANG_WARN_OBJC_IMPLICIT_RETAIN_SELF = YES;
				CLANG_WARN_OBJC_LITERAL_CONVERSION = YES;
				CLANG_WARN_OBJC_ROOT_CLASS = YES_ERROR;
				CLANG_WARN_QUOTED_INCLUDE_IN_FRAMEWORK_HEADER = YES;
				CLANG_WARN_RANGE_LOOP_ANALYSIS = YES;
				CLANG_WARN_STRICT_PROTOTYPES = YES;
				CLANG_WARN_SUSPICIOUS_MOVE = YES;
				CLANG_WARN_UNGUARDED_AVAILABILITY = YES_AGGRESSIVE;
				CLANG_WARN_UNREACHABLE_CODE = YES;
				CLANG_WARN__DUPLICATE_METHOD_MATCH = YES;
				COPY_PHASE_STRIP = NO;
				DEBUG_INFORMATION_FORMAT = "dwarf-with-dsym";
				DEVELOPMENT_TEAM = Q4C935HFS8;
				ENABLE_NS_ASSERTIONS = NO;
				ENABLE_STRICT_OBJC_MSGSEND = YES;
				ENABLE_USER_SCRIPT_SANDBOXING = YES;
				GCC_C_LANGUAGE_STANDARD = gnu17;
				GCC_NO_COMMON_BLOCKS = YES;
				GCC_WARN_64_TO_32_BIT_CONVERSION = YES;
				GCC_WARN_ABOUT_RETURN_TYPE = YES_ERROR;
				GCC_WARN_UNDECLARED_SELECTOR = YES;
				GCC_WARN_UNINITIALIZED_AUTOS = YES_AGGRESSIVE;
				GCC_WARN_UNUSED_FUNCTION = YES;
				GCC_WARN_UNUSED_VARIABLE = YES;
				IPHONEOS_DEPLOYMENT_TARGET = 18.4;
				LOCALIZATION_PREFERS_STRING_CATALOGS = YES;
				MTL_ENABLE_DEBUG_INFO = NO;
				MTL_FAST_MATH = YES;
				SDKROOT = iphoneos;
				SWIFT_COMPILATION_MODE = wholemodule;
				VALIDATE_PRODUCT = YES;
			};
			name = Release;
		};
		420ACE882DA6923800582F06 /* Debug */ = {
			isa = XCBuildConfiguration;
			buildSettings = {
				ASSETCATALOG_COMPILER_APPICON_NAME = AppIcon;
				ASSETCATALOG_COMPILER_GLOBAL_ACCENT_COLOR_NAME = AccentColor;
				CODE_SIGN_STYLE = Automatic;
				CURRENT_PROJECT_VERSION = 1;
				DEVELOPMENT_TEAM = Q4C935HFS8;
				ENABLE_PREVIEWS = YES;
				GENERATE_INFOPLIST_FILE = YES;
				INFOPLIST_KEY_UIApplicationSceneManifest_Generation = YES;
				INFOPLIST_KEY_UIApplicationSupportsIndirectInputEvents = YES;
				INFOPLIST_KEY_UILaunchScreen_Generation = YES;
				INFOPLIST_KEY_UISupportedInterfaceOrientations = UIInterfaceOrientationPortrait;
				INFOPLIST_KEY_UISupportedInterfaceOrientations_iPad = "UIInterfaceOrientationLandscapeLeft UIInterfaceOrientationLandscapeRight UIInterfaceOrientationPortrait UIInterfaceOrientationPortraitUpsideDown";
				LD_RUNPATH_SEARCH_PATHS = (
					"$(inherited)",
					"@executable_path/Frameworks",
				);
				MARKETING_VERSION = 1.0;
				PRODUCT_BUNDLE_IDENTIFIER = "Alexander-Shevtsov.FlightTimeLine";
				PRODUCT_NAME = "$(TARGET_NAME)";
				SUPPORTED_PLATFORMS = "iphoneos iphonesimulator";
				SUPPORTS_MACCATALYST = NO;
				SUPPORTS_MAC_DESIGNED_FOR_IPHONE_IPAD = NO;
				SUPPORTS_XR_DESIGNED_FOR_IPHONE_IPAD = NO;
				SWIFT_EMIT_LOC_STRINGS = YES;
				SWIFT_VERSION = 5.0;
				TARGETED_DEVICE_FAMILY = 1;
			};
			name = Debug;
		};
		420ACE892DA6923800582F06 /* Release */ = {
			isa = XCBuildConfiguration;
			buildSettings = {
				ASSETCATALOG_COMPILER_APPICON_NAME = AppIcon;
				ASSETCATALOG_COMPILER_GLOBAL_ACCENT_COLOR_NAME = AccentColor;
				CODE_SIGN_STYLE = Automatic;
				CURRENT_PROJECT_VERSION = 1;
				DEVELOPMENT_TEAM = Q4C935HFS8;
				ENABLE_PREVIEWS = YES;
				GENERATE_INFOPLIST_FILE = YES;
				INFOPLIST_KEY_UIApplicationSceneManifest_Generation = YES;
				INFOPLIST_KEY_UIApplicationSupportsIndirectInputEvents = YES;
				INFOPLIST_KEY_UILaunchScreen_Generation = YES;
				INFOPLIST_KEY_UISupportedInterfaceOrientations = UIInterfaceOrientationPortrait;
				INFOPLIST_KEY_UISupportedInterfaceOrientations_iPad = "UIInterfaceOrientationLandscapeLeft UIInterfaceOrientationLandscapeRight UIInterfaceOrientationPortrait UIInterfaceOrientationPortraitUpsideDown";
				LD_RUNPATH_SEARCH_PATHS = (
					"$(inherited)",
					"@executable_path/Frameworks",
				);
				MARKETING_VERSION = 1.0;
				PRODUCT_BUNDLE_IDENTIFIER = "Alexander-Shevtsov.FlightTimeLine";
				PRODUCT_NAME = "$(TARGET_NAME)";
				SUPPORTED_PLATFORMS = "iphoneos iphonesimulator";
				SUPPORTS_MACCATALYST = NO;
				SUPPORTS_MAC_DESIGNED_FOR_IPHONE_IPAD = NO;
				SUPPORTS_XR_DESIGNED_FOR_IPHONE_IPAD = NO;
				SWIFT_EMIT_LOC_STRINGS = YES;
				SWIFT_VERSION = 5.0;
				TARGETED_DEVICE_FAMILY = 1;
			};
			name = Release;
		};
/* End XCBuildConfiguration section */

/* Begin XCConfigurationList section */
		420ACE772DA6923700582F06 /* Build configuration list for PBXProject "FlightTimeLine" */ = {
			isa = XCConfigurationList;
			buildConfigurations = (
				420ACE852DA6923800582F06 /* Debug */,
				420ACE862DA6923800582F06 /* Release */,
			);
			defaultConfigurationIsVisible = 0;
			defaultConfigurationName = Release;
		};
		420ACE872DA6923800582F06 /* Build configuration list for PBXNativeTarget "FlightTimeLine" */ = {
			isa = XCConfigurationList;
			buildConfigurations = (
				420ACE882DA6923800582F06 /* Debug */,
				420ACE892DA6923800582F06 /* Release */,
			);
			defaultConfigurationIsVisible = 0;
			defaultConfigurationName = Release;
		};
/* End XCConfigurationList section */
	};
	rootObject = 420ACE742DA6923700582F06 /* Project object */;
}
